
Microsoft Visual Studio Solution File, Format Version 12.00
Project("{2150E333-8FDC-42A3-9474-1A3956D46DE8}") = "src", "src", "{827E0CD3-B72D-47B6-A68D-7590B98EB39B}"
EndProject
Project("{FAE04EC0-301F-11D3-BF4B-00C04F79EFBC}") = "Seamline.Api", "src\Seamline.Api\Seamline.Api.csproj", "{01419203-8016-4EEC-ABEB-A27AD08B1984}"
EndProject
Project("{2150E333-8FDC-42A3-9474-1A3956D46DE8}") = "SharedKernel", "SharedKernel", "{E5E3DED4-833C-8448-2882-5E2DD65C4ABF}"
EndProject
Project("{FAE04EC0-301F-11D3-BF4B-00C04F79EFBC}") = "Seamline.SharedKernel", "src\Seamline.SharedKernel\Seamline.SharedKernel.csproj", "{35C38447-4FD5-496C-AE2B-5446459D4FEB}"
EndProject
Project("{2150E333-8FDC-42A3-9474-1A3956D46DE8}") = "Modules", "Modules", "{CA253913-39DE-BFD0-C9A3-4B7EC6FBDF17}"
EndProject
Project("{2150E333-8FDC-42A3-9474-1A3956D46DE8}") = "Reference", "Reference", "{498F38DA-9F55-0429-415C-FEC8A552546D}"
EndProject
Project("{FAE04EC0-301F-11D3-BF4B-00C04F79EFBC}") = "Seamline.Modules.Reference", "src\Modules\Reference\Seamline.Modules.Reference\Seamline.Modules.Reference.csproj", "{C7459FB0-D5A1-4E0B-B37C-8B0710CDAFD0}"
EndProject
Project("{FAE04EC0-301F-11D3-BF4B-00C04F79EFBC}") = "Seamline.Modules.Reference.Contracts", "src\Modules\Reference\Seamline.Modules.Reference.Contracts\Seamline.Modules.Reference.Contracts.csproj", "{FFCAB78F-457E-4A8D-AED5-4390586E18F4}"
EndProject
Project("{2150E333-8FDC-42A3-9474-1A3956D46DE8}") = "Trading", "Trading", "{60E7F0DA-066A-E9FC-D774-8DD1446035FB}"
EndProject
Project("{FAE04EC0-301F-11D3-BF4B-00C04F79EFBC}") = "Seamline.Modules.Trading", "src\Modules\Trading\Seamline.Modules.Trading\Seamline.Modules.Trading.csproj", "{1F974C15-278B-4122-B2A0-605DE1F7F7A7}"
EndProject
Project("{FAE04EC0-301F-11D3-BF4B-00C04F79EFBC}") = "Seamline.Modules.Trading.Contracts", "src\Modules\Trading\Seamline.Modules.Trading.Contracts\Seamline.Modules.Trading.Contracts.csproj", "{801576EC-94E3-4D2E-A71C-9CFFFBB8C662}"
EndProject
Project("{2150E333-8FDC-42A3-9474-1A3956D46DE8}") = "MarketData", "MarketData", "{F31C602F-A498-516E-0E30-9D7434903DB9}"
EndProject
Project("{FAE04EC0-301F-11D3-BF4B-00C04F79EFBC}") = "Seamline.Modules.MarketData", "src\Modules\MarketData\Seamline.Modules.MarketData\Seamline.Modules.MarketData.csproj", "{613FA86F-1088-41F8-AF2C-FDC2E99A74B3}"
EndProject
Project("{FAE04EC0-301F-11D3-BF4B-00C04F79EFBC}") = "Seamline.Modules.MarketData.Contracts", "src\Modules\MarketData\Seamline.Modules.MarketData.Contracts\Seamline.Modules.MarketData.Contracts.csproj", "{3C7BCEDE-3F47-4A31-9C68-D99EE47837BD}"
EndProject
Project("{2150E333-8FDC-42A3-9474-1A3956D46DE8}") = "Risk", "Risk", "{883077F1-AA77-0B5B-6ECE-123A03F07541}"
EndProject
Project("{FAE04EC0-301F-11D3-BF4B-00C04F79EFBC}") = "Seamline.Modules.Risk", "src\Modules\Risk\Seamline.Modules.Risk\Seamline.Modules.Risk.csproj", "{EBFC1B9D-45C9-4F44-9181-397C3FCD4F7B}"
EndProject
Project("{FAE04EC0-301F-11D3-BF4B-00C04F79EFBC}") = "Seamline.Modules.Risk.Contracts", "src\Modules\Risk\Seamline.Modules.Risk.Contracts\Seamline.Modules.Risk.Contracts.csproj", "{C1FDA081-9319-4D1E-B348-16F4B3613269}"
EndProject
Project("{2150E333-8FDC-42A3-9474-1A3956D46DE8}") = "Settlement", "Settlement", "{A32362A4-BA6E-47E6-17C6-5A9F3665E09B}"
EndProject
Project("{FAE04EC0-301F-11D3-BF4B-00C04F79EFBC}") = "Seamline.Modules.Settlement", "src\Modules\Settlement\Seamline.Modules.Settlement\Seamline.Modules.Settlement.csproj", "{323C0041-E28D-454D-B25B-6330EFA6007D}"
EndProject
Project("{FAE04EC0-301F-11D3-BF4B-00C04F79EFBC}") = "Seamline.Modules.Settlement.Contracts", "src\Modules\Settlement\Seamline.Modules.Settlement.Contracts\Seamline.Modules.Settlement.Contracts.csproj", "{C8221957-3D1A-40C3-9782-B7FAAE63ADF8}"
EndProject
Project("{2150E333-8FDC-42A3-9474-1A3956D46DE8}") = "Identity", "Identity", "{293C06CD-4E17-48BD-9F3B-B5ADDFFA9425}"
EndProject
Project("{FAE04EC0-301F-11D3-BF4B-00C04F79EFBC}") = "Seamline.Modules.Identity", "src\Modules\Identity\Seamline.Modules.Identity\Seamline.Modules.Identity.csproj", "{49BAE5FE-7D72-4221-8B1A-359DD47C461F}"
EndProject
Project("{FAE04EC0-301F-11D3-BF4B-00C04F79EFBC}") = "Seamline.Modules.Identity.Contracts", "src\Modules\Identity\Seamline.Modules.Identity.Contracts\Seamline.Modules.Identity.Contracts.csproj", "{FA57BBD8-1951-4249-9AC9-8856BD844201}"
EndProject
Project("{2150E333-8FDC-42A3-9474-1A3956D46DE8}") = "Tests", "Tests", "{0AB3BF05-4346-4AA6-1389-037BE0695223}"
EndProject
Project("{FAE04EC0-301F-11D3-BF4B-00C04F79EFBC}") = "Seamline.ArchTests", "tests\Seamline.ArchTests\Seamline.ArchTests.csproj", "{8F3B8BE6-EB89-4379-8E93-B53FA2DB1625}"
EndProject
Project("{FAE04EC0-301F-11D3-BF4B-00C04F79EFBC}") = "Seamline.IntegrationTests", "tests\Seamline.IntegrationTests\Seamline.IntegrationTests.csproj", "{0E7100AE-9BAB-4B1E-BA18-0AF621202D3A}"
EndProject
Project("{2150E333-8FDC-42A3-9474-1A3956D46DE8}") = "Modules", "Modules", "{EC447DCF-ABFA-6E24-52A5-D7FD48A5C558}"
EndProject
Project("{2150E333-8FDC-42A3-9474-1A3956D46DE8}") = "Audit", "Audit", "{B7504168-2F66-9EF4-E8D7-36B98062A6F8}"
EndProject
Project("{FAE04EC0-301F-11D3-BF4B-00C04F79EFBC}") = "Seamline.Modules.Audit", "src\Modules\Audit\Seamline.Modules.Audit\Seamline.Modules.Audit.csproj", "{6EA95286-5293-4442-82F4-884D949B13E7}"
EndProject
Project("{FAE04EC0-301F-11D3-BF4B-00C04F79EFBC}") = "Seamline.Modules.Audit.Contracts", "src\Modules\Audit\Seamline.Modules.Audit.Contracts\Seamline.Modules.Audit.Contracts.csproj", "{D352814A-F460-40C5-BD62-93902930BAA2}"
EndProject
Project("{2150E333-8FDC-42A3-9474-1A3956D46DE8}") = "Trading", "Trading", "{8C15002B-FBBB-DDAF-0F7B-B5911A24CEDD}"
EndProject
Project("{FAE04EC0-301F-11D3-BF4B-00C04F79EFBC}") = "Seamline.Modules.Trading.Tests", "tests\Seamline.Modules.Trading.Tests\Seamline.Modules.Trading.Tests.csproj", "{BACF27BD-B5C3-4610-A735-37DFD1DBC7BB}"
EndProject
Project("{FAE04EC0-301F-11D3-BF4B-00C04F79EFBC}") = "Seamline.Modules.Risk.Tests", "tests\Seamline.Modules.Risk.Tests\Seamline.Modules.Risk.Tests.csproj", "{ACB042B1-C8B2-4535-9482-BF42876AB854}"
EndProject
Project("{2150E333-8FDC-42A3-9474-1A3956D46DE8}") = "Risk", "Risk", "{44FDE0E6-7779-84AA-514B-9B22FE9E35B6}"
EndProject
Project("{2150E333-8FDC-42A3-9474-1A3956D46DE8}") = "Reference", "Reference", "{A296C31A-C4A0-A7BB-A6DE-E4DE03D9C411}"
EndProject
Project("{FAE04EC0-301F-11D3-BF4B-00C04F79EFBC}") = "Seamline.Modules.Identity.Tests", "tests\Seamline.Modules.Identity.Tests\Seamline.Modules.Identity.Tests.csproj", "{FDED73B2-9FD3-4FE6-93CD-4BA25D85634D}"
EndProject
Project("{2150E333-8FDC-42A3-9474-1A3956D46DE8}") = "Identity", "Identity", "{0EC62A1A-9858-3A60-8A0C-FC9AACFA2EC7}"
EndProject
Project("{FAE04EC0-301F-11D3-BF4B-00C04F79EFBC}") = "Seamline.Valuation.Worker", "src\Seamline.Valuation.Worker\Seamline.Valuation.Worker.csproj", "{BE86BD9E-5DB1-4466-9445-5AFD1C42D70E}"
EndProject
Project("{2150E333-8FDC-42A3-9474-1A3956D46DE8}") = "MarketData", "MarketData", "{DA8A84BA-E38E-F7B6-070C-0B16164DCCDE}"
EndProject
Project("{FAE04EC0-301F-11D3-BF4B-00C04F79EFBC}") = "Seamline.Reporting.Worker", "src\Seamline.Reporting.Worker\Seamline.Reporting.Worker.csproj", "{CA8DB84C-0D5A-471D-82BD-A7181D94A807}"
EndProject
Project("{FAE04EC0-301F-11D3-BF4B-00C04F79EFBC}") = "Seamline.AcerStub", "src\Seamline.AcerStub\Seamline.AcerStub.csproj", "{9B914E79-5351-4190-B054-DDBCE98AE06A}"
EndProject
Project("{FAE04EC0-301F-11D3-BF4B-00C04F79EFBC}") = "Seamline.Modules.MarketData.Tests", "tests\Seamline.Modules.MarketData.Tests\Seamline.Modules.MarketData.Tests.csproj", "{72475B67-1650-4340-8E70-06128ACBC6CD}"
EndProject
Project("{FAE04EC0-301F-11D3-BF4B-00C04F79EFBC}") = "Seamline.Valuation.Function", "src\Seamline.Valuation.Function\Seamline.Valuation.Function.csproj", "{38D164C2-DF78-4B9C-AC32-42C73063594D}"
EndProject
Global
	GlobalSection(SolutionConfigurationPlatforms) = preSolution
		Debug|Any CPU = Debug|Any CPU
		Debug|x64 = Debug|x64
		Debug|x86 = Debug|x86
		Release|Any CPU = Release|Any CPU
		Release|x64 = Release|x64
		Release|x86 = Release|x86
	EndGlobalSection
	GlobalSection(ProjectConfigurationPlatforms) = postSolution
		{01419203-8016-4EEC-ABEB-A27AD08B1984}.Debug|Any CPU.ActiveCfg = Debug|Any CPU
		{01419203-8016-4EEC-ABEB-A27AD08B1984}.Debug|Any CPU.Build.0 = Debug|Any CPU
		{01419203-8016-4EEC-ABEB-A27AD08B1984}.Debug|x64.ActiveCfg = Debug|Any CPU
		{01419203-8016-4EEC-ABEB-A27AD08B1984}.Debug|x64.Build.0 = Debug|Any CPU
		{01419203-8016-4EEC-ABEB-A27AD08B1984}.Debug|x86.ActiveCfg = Debug|Any CPU
		{01419203-8016-4EEC-ABEB-A27AD08B1984}.Debug|x86.Build.0 = Debug|Any CPU
		{01419203-8016-4EEC-ABEB-A27AD08B1984}.Release|Any CPU.ActiveCfg = Release|Any CPU
		{01419203-8016-4EEC-ABEB-A27AD08B1984}.Release|Any CPU.Build.0 = Release|Any CPU
		{01419203-8016-4EEC-ABEB-A27AD08B1984}.Release|x64.ActiveCfg = Release|Any CPU
		{01419203-8016-4EEC-ABEB-A27AD08B1984}.Release|x64.Build.0 = Release|Any CPU
		{01419203-8016-4EEC-ABEB-A27AD08B1984}.Release|x86.ActiveCfg = Release|Any CPU
		{01419203-8016-4EEC-ABEB-A27AD08B1984}.Release|x86.Build.0 = Release|Any CPU
		{35C38447-4FD5-496C-AE2B-5446459D4FEB}.Debug|Any CPU.ActiveCfg = Debug|Any CPU
		{35C38447-4FD5-496C-AE2B-5446459D4FEB}.Debug|Any CPU.Build.0 = Debug|Any CPU
		{35C38447-4FD5-496C-AE2B-5446459D4FEB}.Debug|x64.ActiveCfg = Debug|Any CPU
		{35C38447-4FD5-496C-AE2B-5446459D4FEB}.Debug|x64.Build.0 = Debug|Any CPU
		{35C38447-4FD5-496C-AE2B-5446459D4FEB}.Debug|x86.ActiveCfg = Debug|Any CPU
		{35C38447-4FD5-496C-AE2B-5446459D4FEB}.Debug|x86.Build.0 = Debug|Any CPU
		{35C38447-4FD5-496C-AE2B-5446459D4FEB}.Release|Any CPU.ActiveCfg = Release|Any CPU
		{35C38447-4FD5-496C-AE2B-5446459D4FEB}.Release|Any CPU.Build.0 = Release|Any CPU
		{35C38447-4FD5-496C-AE2B-5446459D4FEB}.Release|x64.ActiveCfg = Release|Any CPU
		{35C38447-4FD5-496C-AE2B-5446459D4FEB}.Release|x64.Build.0 = Release|Any CPU
		{35C38447-4FD5-496C-AE2B-5446459D4FEB}.Release|x86.ActiveCfg = Release|Any CPU
		{35C38447-4FD5-496C-AE2B-5446459D4FEB}.Release|x86.Build.0 = Release|Any CPU
		{C7459FB0-D5A1-4E0B-B37C-8B0710CDAFD0}.Debug|Any CPU.ActiveCfg = Debug|Any CPU
		{C7459FB0-D5A1-4E0B-B37C-8B0710CDAFD0}.Debug|Any CPU.Build.0 = Debug|Any CPU
		{C7459FB0-D5A1-4E0B-B37C-8B0710CDAFD0}.Debug|x64.ActiveCfg = Debug|Any CPU
		{C7459FB0-D5A1-4E0B-B37C-8B0710CDAFD0}.Debug|x64.Build.0 = Debug|Any CPU
		{C7459FB0-D5A1-4E0B-B37C-8B0710CDAFD0}.Debug|x86.ActiveCfg = Debug|Any CPU
		{C7459FB0-D5A1-4E0B-B37C-8B0710CDAFD0}.Debug|x86.Build.0 = Debug|Any CPU
		{C7459FB0-D5A1-4E0B-B37C-8B0710CDAFD0}.Release|Any CPU.ActiveCfg = Release|Any CPU
		{C7459FB0-D5A1-4E0B-B37C-8B0710CDAFD0}.Release|Any CPU.Build.0 = Release|Any CPU
		{C7459FB0-D5A1-4E0B-B37C-8B0710CDAFD0}.Release|x64.ActiveCfg = Release|Any CPU
		{C7459FB0-D5A1-4E0B-B37C-8B0710CDAFD0}.Release|x64.Build.0 = Release|Any CPU
		{C7459FB0-D5A1-4E0B-B37C-8B0710CDAFD0}.Release|x86.ActiveCfg = Release|Any CPU
		{C7459FB0-D5A1-4E0B-B37C-8B0710CDAFD0}.Release|x86.Build.0 = Release|Any CPU
		{FFCAB78F-457E-4A8D-AED5-4390586E18F4}.Debug|Any CPU.ActiveCfg = Debug|Any CPU
		{FFCAB78F-457E-4A8D-AED5-4390586E18F4}.Debug|Any CPU.Build.0 = Debug|Any CPU
		{FFCAB78F-457E-4A8D-AED5-4390586E18F4}.Debug|x64.ActiveCfg = Debug|Any CPU
		{FFCAB78F-457E-4A8D-AED5-4390586E18F4}.Debug|x64.Build.0 = Debug|Any CPU
		{FFCAB78F-457E-4A8D-AED5-4390586E18F4}.Debug|x86.ActiveCfg = Debug|Any CPU
		{FFCAB78F-457E-4A8D-AED5-4390586E18F4}.Debug|x86.Build.0 = Debug|Any CPU
		{FFCAB78F-457E-4A8D-AED5-4390586E18F4}.Release|Any CPU.ActiveCfg = Release|Any CPU
		{FFCAB78F-457E-4A8D-AED5-4390586E18F4}.Release|Any CPU.Build.0 = Release|Any CPU
		{FFCAB78F-457E-4A8D-AED5-4390586E18F4}.Release|x64.ActiveCfg = Release|Any CPU
		{FFCAB78F-457E-4A8D-AED5-4390586E18F4}.Release|x64.Build.0 = Release|Any CPU
		{FFCAB78F-457E-4A8D-AED5-4390586E18F4}.Release|x86.ActiveCfg = Release|Any CPU
		{FFCAB78F-457E-4A8D-AED5-4390586E18F4}.Release|x86.Build.0 = Release|Any CPU
		{1F974C15-278B-4122-B2A0-605DE1F7F7A7}.Debug|Any CPU.ActiveCfg = Debug|Any CPU
		{1F974C15-278B-4122-B2A0-605DE1F7F7A7}.Debug|Any CPU.Build.0 = Debug|Any CPU
		{1F974C15-278B-4122-B2A0-605DE1F7F7A7}.Debug|x64.ActiveCfg = Debug|Any CPU
		{1F974C15-278B-4122-B2A0-605DE1F7F7A7}.Debug|x64.Build.0 = Debug|Any CPU
		{1F974C15-278B-4122-B2A0-605DE1F7F7A7}.Debug|x86.ActiveCfg = Debug|Any CPU
		{1F974C15-278B-4122-B2A0-605DE1F7F7A7}.Debug|x86.Build.0 = Debug|Any CPU
		{1F974C15-278B-4122-B2A0-605DE1F7F7A7}.Release|Any CPU.ActiveCfg = Release|Any CPU
		{1F974C15-278B-4122-B2A0-605DE1F7F7A7}.Release|Any CPU.Build.0 = Release|Any CPU
		{1F974C15-278B-4122-B2A0-605DE1F7F7A7}.Release|x64.ActiveCfg = Release|Any CPU
		{1F974C15-278B-4122-B2A0-605DE1F7F7A7}.Release|x64.Build.0 = Release|Any CPU
		{1F974C15-278B-4122-B2A0-605DE1F7F7A7}.Release|x86.ActiveCfg = Release|Any CPU
		{1F974C15-278B-4122-B2A0-605DE1F7F7A7}.Release|x86.Build.0 = Release|Any CPU
		{801576EC-94E3-4D2E-A71C-9CFFFBB8C662}.Debug|Any CPU.ActiveCfg = Debug|Any CPU
		{801576EC-94E3-4D2E-A71C-9CFFFBB8C662}.Debug|Any CPU.Build.0 = Debug|Any CPU
		{801576EC-94E3-4D2E-A71C-9CFFFBB8C662}.Debug|x64.ActiveCfg = Debug|Any CPU
		{801576EC-94E3-4D2E-A71C-9CFFFBB8C662}.Debug|x64.Build.0 = Debug|Any CPU
		{801576EC-94E3-4D2E-A71C-9CFFFBB8C662}.Debug|x86.ActiveCfg = Debug|Any CPU
		{801576EC-94E3-4D2E-A71C-9CFFFBB8C662}.Debug|x86.Build.0 = Debug|Any CPU
		{801576EC-94E3-4D2E-A71C-9CFFFBB8C662}.Release|Any CPU.ActiveCfg = Release|Any CPU
		{801576EC-94E3-4D2E-A71C-9CFFFBB8C662}.Release|Any CPU.Build.0 = Release|Any CPU
		{801576EC-94E3-4D2E-A71C-9CFFFBB8C662}.Release|x64.ActiveCfg = Release|Any CPU
		{801576EC-94E3-4D2E-A71C-9CFFFBB8C662}.Release|x64.Build.0 = Release|Any CPU
		{801576EC-94E3-4D2E-A71C-9CFFFBB8C662}.Release|x86.ActiveCfg = Release|Any CPU
		{801576EC-94E3-4D2E-A71C-9CFFFBB8C662}.Release|x86.Build.0 = Release|Any CPU
		{613FA86F-1088-41F8-AF2C-FDC2E99A74B3}.Debug|Any CPU.ActiveCfg = Debug|Any CPU
		{613FA86F-1088-41F8-AF2C-FDC2E99A74B3}.Debug|Any CPU.Build.0 = Debug|Any CPU
		{613FA86F-1088-41F8-AF2C-FDC2E99A74B3}.Debug|x64.ActiveCfg = Debug|Any CPU
		{613FA86F-1088-41F8-AF2C-FDC2E99A74B3}.Debug|x64.Build.0 = Debug|Any CPU
		{613FA86F-1088-41F8-AF2C-FDC2E99A74B3}.Debug|x86.ActiveCfg = Debug|Any CPU
		{613FA86F-1088-41F8-AF2C-FDC2E99A74B3}.Debug|x86.Build.0 = Debug|Any CPU
		{613FA86F-1088-41F8-AF2C-FDC2E99A74B3}.Release|Any CPU.ActiveCfg = Release|Any CPU
		{613FA86F-1088-41F8-AF2C-FDC2E99A74B3}.Release|Any CPU.Build.0 = Release|Any CPU
		{613FA86F-1088-41F8-AF2C-FDC2E99A74B3}.Release|x64.ActiveCfg = Release|Any CPU
		{613FA86F-1088-41F8-AF2C-FDC2E99A74B3}.Release|x64.Build.0 = Release|Any CPU
		{613FA86F-1088-41F8-AF2C-FDC2E99A74B3}.Release|x86.ActiveCfg = Release|Any CPU
		{613FA86F-1088-41F8-AF2C-FDC2E99A74B3}.Release|x86.Build.0 = Release|Any CPU
		{3C7BCEDE-3F47-4A31-9C68-D99EE47837BD}.Debug|Any CPU.ActiveCfg = Debug|Any CPU
		{3C7BCEDE-3F47-4A31-9C68-D99EE47837BD}.Debug|Any CPU.Build.0 = Debug|Any CPU
		{3C7BCEDE-3F47-4A31-9C68-D99EE47837BD}.Debug|x64.ActiveCfg = Debug|Any CPU
		{3C7BCEDE-3F47-4A31-9C68-D99EE47837BD}.Debug|x64.Build.0 = Debug|Any CPU
		{3C7BCEDE-3F47-4A31-9C68-D99EE47837BD}.Debug|x86.ActiveCfg = Debug|Any CPU
		{3C7BCEDE-3F47-4A31-9C68-D99EE47837BD}.Debug|x86.Build.0 = Debug|Any CPU
		{3C7BCEDE-3F47-4A31-9C68-D99EE47837BD}.Release|Any CPU.ActiveCfg = Release|Any CPU
		{3C7BCEDE-3F47-4A31-9C68-D99EE47837BD}.Release|Any CPU.Build.0 = Release|Any CPU
		{3C7BCEDE-3F47-4A31-9C68-D99EE47837BD}.Release|x64.ActiveCfg = Release|Any CPU
		{3C7BCEDE-3F47-4A31-9C68-D99EE47837BD}.Release|x64.Build.0 = Release|Any CPU
		{3C7BCEDE-3F47-4A31-9C68-D99EE47837BD}.Release|x86.ActiveCfg = Release|Any CPU
		{3C7BCEDE-3F47-4A31-9C68-D99EE47837BD}.Release|x86.Build.0 = Release|Any CPU
		{EBFC1B9D-45C9-4F44-9181-397C3FCD4F7B}.Debug|Any CPU.ActiveCfg = Debug|Any CPU
		{EBFC1B9D-45C9-4F44-9181-397C3FCD4F7B}.Debug|Any CPU.Build.0 = Debug|Any CPU
		{EBFC1B9D-45C9-4F44-9181-397C3FCD4F7B}.Debug|x64.ActiveCfg = Debug|Any CPU
		{EBFC1B9D-45C9-4F44-9181-397C3FCD4F7B}.Debug|x64.Build.0 = Debug|Any CPU
		{EBFC1B9D-45C9-4F44-9181-397C3FCD4F7B}.Debug|x86.ActiveCfg = Debug|Any CPU
		{EBFC1B9D-45C9-4F44-9181-397C3FCD4F7B}.Debug|x86.Build.0 = Debug|Any CPU
		{EBFC1B9D-45C9-4F44-9181-397C3FCD4F7B}.Release|Any CPU.ActiveCfg = Release|Any CPU
		{EBFC1B9D-45C9-4F44-9181-397C3FCD4F7B}.Release|Any CPU.Build.0 = Release|Any CPU
		{EBFC1B9D-45C9-4F44-9181-397C3FCD4F7B}.Release|x64.ActiveCfg = Release|Any CPU
		{EBFC1B9D-45C9-4F44-9181-397C3FCD4F7B}.Release|x64.Build.0 = Release|Any CPU
		{EBFC1B9D-45C9-4F44-9181-397C3FCD4F7B}.Release|x86.ActiveCfg = Release|Any CPU
		{EBFC1B9D-45C9-4F44-9181-397C3FCD4F7B}.Release|x86.Build.0 = Release|Any CPU
		{C1FDA081-9319-4D1E-B348-16F4B3613269}.Debug|Any CPU.ActiveCfg = Debug|Any CPU
		{C1FDA081-9319-4D1E-B348-16F4B3613269}.Debug|Any CPU.Build.0 = Debug|Any CPU
		{C1FDA081-9319-4D1E-B348-16F4B3613269}.Debug|x64.ActiveCfg = Debug|Any CPU
		{C1FDA081-9319-4D1E-B348-16F4B3613269}.Debug|x64.Build.0 = Debug|Any CPU
		{C1FDA081-9319-4D1E-B348-16F4B3613269}.Debug|x86.ActiveCfg = Debug|Any CPU
		{C1FDA081-9319-4D1E-B348-16F4B3613269}.Debug|x86.Build.0 = Debug|Any CPU
		{C1FDA081-9319-4D1E-B348-16F4B3613269}.Release|Any CPU.ActiveCfg = Release|Any CPU
		{C1FDA081-9319-4D1E-B348-16F4B3613269}.Release|Any CPU.Build.0 = Release|Any CPU
		{C1FDA081-9319-4D1E-B348-16F4B3613269}.Release|x64.ActiveCfg = Release|Any CPU
		{C1FDA081-9319-4D1E-B348-16F4B3613269}.Release|x64.Build.0 = Release|Any CPU
		{C1FDA081-9319-4D1E-B348-16F4B3613269}.Release|x86.ActiveCfg = Release|Any CPU
		{C1FDA081-9319-4D1E-B348-16F4B3613269}.Release|x86.Build.0 = Release|Any CPU
		{323C0041-E28D-454D-B25B-6330EFA6007D}.Debug|Any CPU.ActiveCfg = Debug|Any CPU
		{323C0041-E28D-454D-B25B-6330EFA6007D}.Debug|Any CPU.Build.0 = Debug|Any CPU
		{323C0041-E28D-454D-B25B-6330EFA6007D}.Debug|x64.ActiveCfg = Debug|Any CPU
		{323C0041-E28D-454D-B25B-6330EFA6007D}.Debug|x64.Build.0 = Debug|Any CPU
		{323C0041-E28D-454D-B25B-6330EFA6007D}.Debug|x86.ActiveCfg = Debug|Any CPU
		{323C0041-E28D-454D-B25B-6330EFA6007D}.Debug|x86.Build.0 = Debug|Any CPU
		{323C0041-E28D-454D-B25B-6330EFA6007D}.Release|Any CPU.ActiveCfg = Release|Any CPU
		{323C0041-E28D-454D-B25B-6330EFA6007D}.Release|Any CPU.Build.0 = Release|Any CPU
		{323C0041-E28D-454D-B25B-6330EFA6007D}.Release|x64.ActiveCfg = Release|Any CPU
		{323C0041-E28D-454D-B25B-6330EFA6007D}.Release|x64.Build.0 = Release|Any CPU
		{323C0041-E28D-454D-B25B-6330EFA6007D}.Release|x86.ActiveCfg = Release|Any CPU
		{323C0041-E28D-454D-B25B-6330EFA6007D}.Release|x86.Build.0 = Release|Any CPU
		{C8221957-3D1A-40C3-9782-B7FAAE63ADF8}.Debug|Any CPU.ActiveCfg = Debug|Any CPU
		{C8221957-3D1A-40C3-9782-B7FAAE63ADF8}.Debug|Any CPU.Build.0 = Debug|Any CPU
		{C8221957-3D1A-40C3-9782-B7FAAE63ADF8}.Debug|x64.ActiveCfg = Debug|Any CPU
		{C8221957-3D1A-40C3-9782-B7FAAE63ADF8}.Debug|x64.Build.0 = Debug|Any CPU
		{C8221957-3D1A-40C3-9782-B7FAAE63ADF8}.Debug|x86.ActiveCfg = Debug|Any CPU
		{C8221957-3D1A-40C3-9782-B7FAAE63ADF8}.Debug|x86.Build.0 = Debug|Any CPU
		{C8221957-3D1A-40C3-9782-B7FAAE63ADF8}.Release|Any CPU.ActiveCfg = Release|Any CPU
		{C8221957-3D1A-40C3-9782-B7FAAE63ADF8}.Release|Any CPU.Build.0 = Release|Any CPU
		{C8221957-3D1A-40C3-9782-B7FAAE63ADF8}.Release|x64.ActiveCfg = Release|Any CPU
		{C8221957-3D1A-40C3-9782-B7FAAE63ADF8}.Release|x64.Build.0 = Release|Any CPU
		{C8221957-3D1A-40C3-9782-B7FAAE63ADF8}.Release|x86.ActiveCfg = Release|Any CPU
		{C8221957-3D1A-40C3-9782-B7FAAE63ADF8}.Release|x86.Build.0 = Release|Any CPU
		{49BAE5FE-7D72-4221-8B1A-359DD47C461F}.Debug|Any CPU.ActiveCfg = Debug|Any CPU
		{49BAE5FE-7D72-4221-8B1A-359DD47C461F}.Debug|Any CPU.Build.0 = Debug|Any CPU
		{49BAE5FE-7D72-4221-8B1A-359DD47C461F}.Debug|x64.ActiveCfg = Debug|Any CPU
		{49BAE5FE-7D72-4221-8B1A-359DD47C461F}.Debug|x64.Build.0 = Debug|Any CPU
		{49BAE5FE-7D72-4221-8B1A-359DD47C461F}.Debug|x86.ActiveCfg = Debug|Any CPU
		{49BAE5FE-7D72-4221-8B1A-359DD47C461F}.Debug|x86.Build.0 = Debug|Any CPU
		{49BAE5FE-7D72-4221-8B1A-359DD47C461F}.Release|Any CPU.ActiveCfg = Release|Any CPU
		{49BAE5FE-7D72-4221-8B1A-359DD47C461F}.Release|Any CPU.Build.0 = Release|Any CPU
		{49BAE5FE-7D72-4221-8B1A-359DD47C461F}.Release|x64.ActiveCfg = Release|Any CPU
		{49BAE5FE-7D72-4221-8B1A-359DD47C461F}.Release|x64.Build.0 = Release|Any CPU
		{49BAE5FE-7D72-4221-8B1A-359DD47C461F}.Release|x86.ActiveCfg = Release|Any CPU
		{49BAE5FE-7D72-4221-8B1A-359DD47C461F}.Release|x86.Build.0 = Release|Any CPU
		{FA57BBD8-1951-4249-9AC9-8856BD844201}.Debug|Any CPU.ActiveCfg = Debug|Any CPU
		{FA57BBD8-1951-4249-9AC9-8856BD844201}.Debug|Any CPU.Build.0 = Debug|Any CPU
		{FA57BBD8-1951-4249-9AC9-8856BD844201}.Debug|x64.ActiveCfg = Debug|Any CPU
		{FA57BBD8-1951-4249-9AC9-8856BD844201}.Debug|x64.Build.0 = Debug|Any CPU
		{FA57BBD8-1951-4249-9AC9-8856BD844201}.Debug|x86.ActiveCfg = Debug|Any CPU
		{FA57BBD8-1951-4249-9AC9-8856BD844201}.Debug|x86.Build.0 = Debug|Any CPU
		{FA57BBD8-1951-4249-9AC9-8856BD844201}.Release|Any CPU.ActiveCfg = Release|Any CPU
		{FA57BBD8-1951-4249-9AC9-8856BD844201}.Release|Any CPU.Build.0 = Release|Any CPU
		{FA57BBD8-1951-4249-9AC9-8856BD844201}.Release|x64.ActiveCfg = Release|Any CPU
		{FA57BBD8-1951-4249-9AC9-8856BD844201}.Release|x64.Build.0 = Release|Any CPU
		{FA57BBD8-1951-4249-9AC9-8856BD844201}.Release|x86.ActiveCfg = Release|Any CPU
		{FA57BBD8-1951-4249-9AC9-8856BD844201}.Release|x86.Build.0 = Release|Any CPU
		{8F3B8BE6-EB89-4379-8E93-B53FA2DB1625}.Debug|Any CPU.ActiveCfg = Debug|Any CPU
		{8F3B8BE6-EB89-4379-8E93-B53FA2DB1625}.Debug|Any CPU.Build.0 = Debug|Any CPU
		{8F3B8BE6-EB89-4379-8E93-B53FA2DB1625}.Debug|x64.ActiveCfg = Debug|Any CPU
		{8F3B8BE6-EB89-4379-8E93-B53FA2DB1625}.Debug|x64.Build.0 = Debug|Any CPU
		{8F3B8BE6-EB89-4379-8E93-B53FA2DB1625}.Debug|x86.ActiveCfg = Debug|Any CPU
		{8F3B8BE6-EB89-4379-8E93-B53FA2DB1625}.Debug|x86.Build.0 = Debug|Any CPU
		{8F3B8BE6-EB89-4379-8E93-B53FA2DB1625}.Release|Any CPU.ActiveCfg = Release|Any CPU
		{8F3B8BE6-EB89-4379-8E93-B53FA2DB1625}.Release|Any CPU.Build.0 = Release|Any CPU
		{8F3B8BE6-EB89-4379-8E93-B53FA2DB1625}.Release|x64.ActiveCfg = Release|Any CPU
		{8F3B8BE6-EB89-4379-8E93-B53FA2DB1625}.Release|x64.Build.0 = Release|Any CPU
		{8F3B8BE6-EB89-4379-8E93-B53FA2DB1625}.Release|x86.ActiveCfg = Release|Any CPU
		{8F3B8BE6-EB89-4379-8E93-B53FA2DB1625}.Release|x86.Build.0 = Release|Any CPU
		{0E7100AE-9BAB-4B1E-BA18-0AF621202D3A}.Debug|Any CPU.ActiveCfg = Debug|Any CPU
		{0E7100AE-9BAB-4B1E-BA18-0AF621202D3A}.Debug|Any CPU.Build.0 = Debug|Any CPU
		{0E7100AE-9BAB-4B1E-BA18-0AF621202D3A}.Debug|x64.ActiveCfg = Debug|Any CPU
		{0E7100AE-9BAB-4B1E-BA18-0AF621202D3A}.Debug|x64.Build.0 = Debug|Any CPU
		{0E7100AE-9BAB-4B1E-BA18-0AF621202D3A}.Debug|x86.ActiveCfg = Debug|Any CPU
		{0E7100AE-9BAB-4B1E-BA18-0AF621202D3A}.Debug|x86.Build.0 = Debug|Any CPU
		{0E7100AE-9BAB-4B1E-BA18-0AF621202D3A}.Release|Any CPU.ActiveCfg = Release|Any CPU
		{0E7100AE-9BAB-4B1E-BA18-0AF621202D3A}.Release|Any CPU.Build.0 = Release|Any CPU
		{0E7100AE-9BAB-4B1E-BA18-0AF621202D3A}.Release|x64.ActiveCfg = Release|Any CPU
		{0E7100AE-9BAB-4B1E-BA18-0AF621202D3A}.Release|x64.Build.0 = Release|Any CPU
		{0E7100AE-9BAB-4B1E-BA18-0AF621202D3A}.Release|x86.ActiveCfg = Release|Any CPU
		{0E7100AE-9BAB-4B1E-BA18-0AF621202D3A}.Release|x86.Build.0 = Release|Any CPU
		{6EA95286-5293-4442-82F4-884D949B13E7}.Debug|Any CPU.ActiveCfg = Debug|Any CPU
		{6EA95286-5293-4442-82F4-884D949B13E7}.Debug|Any CPU.Build.0 = Debug|Any CPU
		{6EA95286-5293-4442-82F4-884D949B13E7}.Debug|x64.ActiveCfg = Debug|Any CPU
		{6EA95286-5293-4442-82F4-884D949B13E7}.Debug|x64.Build.0 = Debug|Any CPU
		{6EA95286-5293-4442-82F4-884D949B13E7}.Debug|x86.ActiveCfg = Debug|Any CPU
		{6EA95286-5293-4442-82F4-884D949B13E7}.Debug|x86.Build.0 = Debug|Any CPU
		{6EA95286-5293-4442-82F4-884D949B13E7}.Release|Any CPU.ActiveCfg = Release|Any CPU
		{6EA95286-5293-4442-82F4-884D949B13E7}.Release|Any CPU.Build.0 = Release|Any CPU
		{6EA95286-5293-4442-82F4-884D949B13E7}.Release|x64.ActiveCfg = Release|Any CPU
		{6EA95286-5293-4442-82F4-884D949B13E7}.Release|x64.Build.0 = Release|Any CPU
		{6EA95286-5293-4442-82F4-884D949B13E7}.Release|x86.ActiveCfg = Release|Any CPU
		{6EA95286-5293-4442-82F4-884D949B13E7}.Release|x86.Build.0 = Release|Any CPU
		{D352814A-F460-40C5-BD62-93902930BAA2}.Debug|Any CPU.ActiveCfg = Debug|Any CPU
		{D352814A-F460-40C5-BD62-93902930BAA2}.Debug|Any CPU.Build.0 = Debug|Any CPU
		{D352814A-F460-40C5-BD62-93902930BAA2}.Debug|x64.ActiveCfg = Debug|Any CPU
		{D352814A-F460-40C5-BD62-93902930BAA2}.Debug|x64.Build.0 = Debug|Any CPU
		{D352814A-F460-40C5-BD62-93902930BAA2}.Debug|x86.ActiveCfg = Debug|Any CPU
		{D352814A-F460-40C5-BD62-93902930BAA2}.Debug|x86.Build.0 = Debug|Any CPU
		{D352814A-F460-40C5-BD62-93902930BAA2}.Release|Any CPU.ActiveCfg = Release|Any CPU
		{D352814A-F460-40C5-BD62-93902930BAA2}.Release|Any CPU.Build.0 = Release|Any CPU
		{D352814A-F460-40C5-BD62-93902930BAA2}.Release|x64.ActiveCfg = Release|Any CPU
		{D352814A-F460-40C5-BD62-93902930BAA2}.Release|x64.Build.0 = Release|Any CPU
		{D352814A-F460-40C5-BD62-93902930BAA2}.Release|x86.ActiveCfg = Release|Any CPU
		{D352814A-F460-40C5-BD62-93902930BAA2}.Release|x86.Build.0 = Release|Any CPU
		{BACF27BD-B5C3-4610-A735-37DFD1DBC7BB}.Debug|Any CPU.ActiveCfg = Debug|Any CPU
		{BACF27BD-B5C3-4610-A735-37DFD1DBC7BB}.Debug|Any CPU.Build.0 = Debug|Any CPU
		{BACF27BD-B5C3-4610-A735-37DFD1DBC7BB}.Debug|x64.ActiveCfg = Debug|Any CPU
		{BACF27BD-B5C3-4610-A735-37DFD1DBC7BB}.Debug|x64.Build.0 = Debug|Any CPU
		{BACF27BD-B5C3-4610-A735-37DFD1DBC7BB}.Debug|x86.ActiveCfg = Debug|Any CPU
		{BACF27BD-B5C3-4610-A735-37DFD1DBC7BB}.Debug|x86.Build.0 = Debug|Any CPU
		{BACF27BD-B5C3-4610-A735-37DFD1DBC7BB}.Release|Any CPU.ActiveCfg = Release|Any CPU
		{BACF27BD-B5C3-4610-A735-37DFD1DBC7BB}.Release|Any CPU.Build.0 = Release|Any CPU
		{BACF27BD-B5C3-4610-A735-37DFD1DBC7BB}.Release|x64.ActiveCfg = Release|Any CPU
		{BACF27BD-B5C3-4610-A735-37DFD1DBC7BB}.Release|x64.Build.0 = Release|Any CPU
		{BACF27BD-B5C3-4610-A735-37DFD1DBC7BB}.Release|x86.ActiveCfg = Release|Any CPU
		{BACF27BD-B5C3-4610-A735-37DFD1DBC7BB}.Release|x86.Build.0 = Release|Any CPU
		{ACB042B1-C8B2-4535-9482-BF42876AB854}.Debug|Any CPU.ActiveCfg = Debug|Any CPU
		{ACB042B1-C8B2-4535-9482-BF42876AB854}.Debug|Any CPU.Build.0 = Debug|Any CPU
		{ACB042B1-C8B2-4535-9482-BF42876AB854}.Debug|x64.ActiveCfg = Debug|Any CPU
		{ACB042B1-C8B2-4535-9482-BF42876AB854}.Debug|x64.Build.0 = Debug|Any CPU
		{ACB042B1-C8B2-4535-9482-BF42876AB854}.Debug|x86.ActiveCfg = Debug|Any CPU
		{ACB042B1-C8B2-4535-9482-BF42876AB854}.Debug|x86.Build.0 = Debug|Any CPU
		{ACB042B1-C8B2-4535-9482-BF42876AB854}.Release|Any CPU.ActiveCfg = Release|Any CPU
		{ACB042B1-C8B2-4535-9482-BF42876AB854}.Release|Any CPU.Build.0 = Release|Any CPU
		{ACB042B1-C8B2-4535-9482-BF42876AB854}.Release|x64.ActiveCfg = Release|Any CPU
		{ACB042B1-C8B2-4535-9482-BF42876AB854}.Release|x64.Build.0 = Release|Any CPU
		{ACB042B1-C8B2-4535-9482-BF42876AB854}.Release|x86.ActiveCfg = Release|Any CPU
		{ACB042B1-C8B2-4535-9482-BF42876AB854}.Release|x86.Build.0 = Release|Any CPU
		{FDED73B2-9FD3-4FE6-93CD-4BA25D85634D}.Debug|Any CPU.ActiveCfg = Debug|Any CPU
		{FDED73B2-9FD3-4FE6-93CD-4BA25D85634D}.Debug|Any CPU.Build.0 = Debug|Any CPU
		{FDED73B2-9FD3-4FE6-93CD-4BA25D85634D}.Debug|x64.ActiveCfg = Debug|Any CPU
		{FDED73B2-9FD3-4FE6-93CD-4BA25D85634D}.Debug|x64.Build.0 = Debug|Any CPU
		{FDED73B2-9FD3-4FE6-93CD-4BA25D85634D}.Debug|x86.ActiveCfg = Debug|Any CPU
		{FDED73B2-9FD3-4FE6-93CD-4BA25D85634D}.Debug|x86.Build.0 = Debug|Any CPU
		{FDED73B2-9FD3-4FE6-93CD-4BA25D85634D}.Release|Any CPU.ActiveCfg = Release|Any CPU
		{FDED73B2-9FD3-4FE6-93CD-4BA25D85634D}.Release|Any CPU.Build.0 = Release|Any CPU
		{FDED73B2-9FD3-4FE6-93CD-4BA25D85634D}.Release|x64.ActiveCfg = Release|Any CPU
		{FDED73B2-9FD3-4FE6-93CD-4BA25D85634D}.Release|x64.Build.0 = Release|Any CPU
		{FDED73B2-9FD3-4FE6-93CD-4BA25D85634D}.Release|x86.ActiveCfg = Release|Any CPU
		{FDED73B2-9FD3-4FE6-93CD-4BA25D85634D}.Release|x86.Build.0 = Release|Any CPU
		{BE86BD9E-5DB1-4466-9445-5AFD1C42D70E}.Debug|Any CPU.ActiveCfg = Debug|Any CPU
		{BE86BD9E-5DB1-4466-9445-5AFD1C42D70E}.Debug|Any CPU.Build.0 = Debug|Any CPU
		{BE86BD9E-5DB1-4466-9445-5AFD1C42D70E}.Debug|x64.ActiveCfg = Debug|Any CPU
		{BE86BD9E-5DB1-4466-9445-5AFD1C42D70E}.Debug|x64.Build.0 = Debug|Any CPU
		{BE86BD9E-5DB1-4466-9445-5AFD1C42D70E}.Debug|x86.ActiveCfg = Debug|Any CPU
		{BE86BD9E-5DB1-4466-9445-5AFD1C42D70E}.Debug|x86.Build.0 = Debug|Any CPU
		{BE86BD9E-5DB1-4466-9445-5AFD1C42D70E}.Release|Any CPU.ActiveCfg = Release|Any CPU
		{BE86BD9E-5DB1-4466-9445-5AFD1C42D70E}.Release|Any CPU.Build.0 = Release|Any CPU
		{BE86BD9E-5DB1-4466-9445-5AFD1C42D70E}.Release|x64.ActiveCfg = Release|Any CPU
		{BE86BD9E-5DB1-4466-9445-5AFD1C42D70E}.Release|x64.Build.0 = Release|Any CPU
		{BE86BD9E-5DB1-4466-9445-5AFD1C42D70E}.Release|x86.ActiveCfg = Release|Any CPU
		{BE86BD9E-5DB1-4466-9445-5AFD1C42D70E}.Release|x86.Build.0 = Release|Any CPU
		{CA8DB84C-0D5A-471D-82BD-A7181D94A807}.Debug|Any CPU.ActiveCfg = Debug|Any CPU
		{CA8DB84C-0D5A-471D-82BD-A7181D94A807}.Debug|Any CPU.Build.0 = Debug|Any CPU
		{CA8DB84C-0D5A-471D-82BD-A7181D94A807}.Debug|x64.ActiveCfg = Debug|Any CPU
		{CA8DB84C-0D5A-471D-82BD-A7181D94A807}.Debug|x64.Build.0 = Debug|Any CPU
		{CA8DB84C-0D5A-471D-82BD-A7181D94A807}.Debug|x86.ActiveCfg = Debug|Any CPU
		{CA8DB84C-0D5A-471D-82BD-A7181D94A807}.Debug|x86.Build.0 = Debug|Any CPU
		{CA8DB84C-0D5A-471D-82BD-A7181D94A807}.Release|Any CPU.ActiveCfg = Release|Any CPU
		{CA8DB84C-0D5A-471D-82BD-A7181D94A807}.Release|Any CPU.Build.0 = Release|Any CPU
		{CA8DB84C-0D5A-471D-82BD-A7181D94A807}.Release|x64.ActiveCfg = Release|Any CPU
		{CA8DB84C-0D5A-471D-82BD-A7181D94A807}.Release|x64.Build.0 = Release|Any CPU
		{CA8DB84C-0D5A-471D-82BD-A7181D94A807}.Release|x86.ActiveCfg = Release|Any CPU
		{CA8DB84C-0D5A-471D-82BD-A7181D94A807}.Release|x86.Build.0 = Release|Any CPU
		{9B914E79-5351-4190-B054-DDBCE98AE06A}.Debug|Any CPU.ActiveCfg = Debug|Any CPU
		{9B914E79-5351-4190-B054-DDBCE98AE06A}.Debug|Any CPU.Build.0 = Debug|Any CPU
		{9B914E79-5351-4190-B054-DDBCE98AE06A}.Debug|x64.ActiveCfg = Debug|Any CPU
		{9B914E79-5351-4190-B054-DDBCE98AE06A}.Debug|x64.Build.0 = Debug|Any CPU
		{9B914E79-5351-4190-B054-DDBCE98AE06A}.Debug|x86.ActiveCfg = Debug|Any CPU
		{9B914E79-5351-4190-B054-DDBCE98AE06A}.Debug|x86.Build.0 = Debug|Any CPU
		{9B914E79-5351-4190-B054-DDBCE98AE06A}.Release|Any CPU.ActiveCfg = Release|Any CPU
		{9B914E79-5351-4190-B054-DDBCE98AE06A}.Release|Any CPU.Build.0 = Release|Any CPU
		{9B914E79-5351-4190-B054-DDBCE98AE06A}.Release|x64.ActiveCfg = Release|Any CPU
		{9B914E79-5351-4190-B054-DDBCE98AE06A}.Release|x64.Build.0 = Release|Any CPU
		{9B914E79-5351-4190-B054-DDBCE98AE06A}.Release|x86.ActiveCfg = Release|Any CPU
		{9B914E79-5351-4190-B054-DDBCE98AE06A}.Release|x86.Build.0 = Release|Any CPU
		{72475B67-1650-4340-8E70-06128ACBC6CD}.Debug|Any CPU.ActiveCfg = Debug|Any CPU
		{72475B67-1650-4340-8E70-06128ACBC6CD}.Debug|Any CPU.Build.0 = Debug|Any CPU
		{72475B67-1650-4340-8E70-06128ACBC6CD}.Debug|x64.ActiveCfg = Debug|Any CPU
		{72475B67-1650-4340-8E70-06128ACBC6CD}.Debug|x64.Build.0 = Debug|Any CPU
		{72475B67-1650-4340-8E70-06128ACBC6CD}.Debug|x86.ActiveCfg = Debug|Any CPU
		{72475B67-1650-4340-8E70-06128ACBC6CD}.Debug|x86.Build.0 = Debug|Any CPU
		{72475B67-1650-4340-8E70-06128ACBC6CD}.Release|Any CPU.ActiveCfg = Release|Any CPU
		{72475B67-1650-4340-8E70-06128ACBC6CD}.Release|Any CPU.Build.0 = Release|Any CPU
		{72475B67-1650-4340-8E70-06128ACBC6CD}.Release|x64.ActiveCfg = Release|Any CPU
		{72475B67-1650-4340-8E70-06128ACBC6CD}.Release|x64.Build.0 = Release|Any CPU
		{72475B67-1650-4340-8E70-06128ACBC6CD}.Release|x86.ActiveCfg = Release|Any CPU
		{72475B67-1650-4340-8E70-06128ACBC6CD}.Release|x86.Build.0 = Release|Any CPU
		{38D164C2-DF78-4B9C-AC32-42C73063594D}.Debug|Any CPU.ActiveCfg = Debug|Any CPU
		{38D164C2-DF78-4B9C-AC32-42C73063594D}.Debug|Any CPU.Build.0 = Debug|Any CPU
		{38D164C2-DF78-4B9C-AC32-42C73063594D}.Debug|x64.ActiveCfg = Debug|Any CPU
		{38D164C2-DF78-4B9C-AC32-42C73063594D}.Debug|x64.Build.0 = Debug|Any CPU
		{38D164C2-DF78-4B9C-AC32-42C73063594D}.Debug|x86.ActiveCfg = Debug|Any CPU
		{38D164C2-DF78-4B9C-AC32-42C73063594D}.Debug|x86.Build.0 = Debug|Any CPU
		{38D164C2-DF78-4B9C-AC32-42C73063594D}.Release|Any CPU.ActiveCfg = Release|Any CPU
		{38D164C2-DF78-4B9C-AC32-42C73063594D}.Release|Any CPU.Build.0 = Release|Any CPU
		{38D164C2-DF78-4B9C-AC32-42C73063594D}.Release|x64.ActiveCfg = Release|Any CPU
		{38D164C2-DF78-4B9C-AC32-42C73063594D}.Release|x64.Build.0 = Release|Any CPU
		{38D164C2-DF78-4B9C-AC32-42C73063594D}.Release|x86.ActiveCfg = Release|Any CPU
		{38D164C2-DF78-4B9C-AC32-42C73063594D}.Release|x86.Build.0 = Release|Any CPU
	EndGlobalSection
	GlobalSection(SolutionProperties) = preSolution
		HideSolutionNode = FALSE
	EndGlobalSection
	GlobalSection(NestedProjects) = preSolution
		{01419203-8016-4EEC-ABEB-A27AD08B1984} = {827E0CD3-B72D-47B6-A68D-7590B98EB39B}
		{35C38447-4FD5-496C-AE2B-5446459D4FEB} = {E5E3DED4-833C-8448-2882-5E2DD65C4ABF}
		{498F38DA-9F55-0429-415C-FEC8A552546D} = {CA253913-39DE-BFD0-C9A3-4B7EC6FBDF17}
		{C7459FB0-D5A1-4E0B-B37C-8B0710CDAFD0} = {498F38DA-9F55-0429-415C-FEC8A552546D}
		{FFCAB78F-457E-4A8D-AED5-4390586E18F4} = {498F38DA-9F55-0429-415C-FEC8A552546D}
		{60E7F0DA-066A-E9FC-D774-8DD1446035FB} = {CA253913-39DE-BFD0-C9A3-4B7EC6FBDF17}
		{1F974C15-278B-4122-B2A0-605DE1F7F7A7} = {60E7F0DA-066A-E9FC-D774-8DD1446035FB}
		{801576EC-94E3-4D2E-A71C-9CFFFBB8C662} = {60E7F0DA-066A-E9FC-D774-8DD1446035FB}
		{F31C602F-A498-516E-0E30-9D7434903DB9} = {CA253913-39DE-BFD0-C9A3-4B7EC6FBDF17}
		{613FA86F-1088-41F8-AF2C-FDC2E99A74B3} = {F31C602F-A498-516E-0E30-9D7434903DB9}
		{3C7BCEDE-3F47-4A31-9C68-D99EE47837BD} = {F31C602F-A498-516E-0E30-9D7434903DB9}
		{883077F1-AA77-0B5B-6ECE-123A03F07541} = {CA253913-39DE-BFD0-C9A3-4B7EC6FBDF17}
		{EBFC1B9D-45C9-4F44-9181-397C3FCD4F7B} = {883077F1-AA77-0B5B-6ECE-123A03F07541}
		{C1FDA081-9319-4D1E-B348-16F4B3613269} = {883077F1-AA77-0B5B-6ECE-123A03F07541}
		{A32362A4-BA6E-47E6-17C6-5A9F3665E09B} = {CA253913-39DE-BFD0-C9A3-4B7EC6FBDF17}
		{323C0041-E28D-454D-B25B-6330EFA6007D} = {A32362A4-BA6E-47E6-17C6-5A9F3665E09B}
		{C8221957-3D1A-40C3-9782-B7FAAE63ADF8} = {A32362A4-BA6E-47E6-17C6-5A9F3665E09B}
		{293C06CD-4E17-48BD-9F3B-B5ADDFFA9425} = {CA253913-39DE-BFD0-C9A3-4B7EC6FBDF17}
		{49BAE5FE-7D72-4221-8B1A-359DD47C461F} = {293C06CD-4E17-48BD-9F3B-B5ADDFFA9425}
		{FA57BBD8-1951-4249-9AC9-8856BD844201} = {293C06CD-4E17-48BD-9F3B-B5ADDFFA9425}
		{8F3B8BE6-EB89-4379-8E93-B53FA2DB1625} = {0AB3BF05-4346-4AA6-1389-037BE0695223}
		{0E7100AE-9BAB-4B1E-BA18-0AF621202D3A} = {0AB3BF05-4346-4AA6-1389-037BE0695223}
		{EC447DCF-ABFA-6E24-52A5-D7FD48A5C558} = {827E0CD3-B72D-47B6-A68D-7590B98EB39B}
		{B7504168-2F66-9EF4-E8D7-36B98062A6F8} = {EC447DCF-ABFA-6E24-52A5-D7FD48A5C558}
		{6EA95286-5293-4442-82F4-884D949B13E7} = {B7504168-2F66-9EF4-E8D7-36B98062A6F8}
		{D352814A-F460-40C5-BD62-93902930BAA2} = {B7504168-2F66-9EF4-E8D7-36B98062A6F8}
		{8C15002B-FBBB-DDAF-0F7B-B5911A24CEDD} = {EC447DCF-ABFA-6E24-52A5-D7FD48A5C558}
		{BACF27BD-B5C3-4610-A735-37DFD1DBC7BB} = {0AB3BF05-4346-4AA6-1389-037BE0695223}
		{ACB042B1-C8B2-4535-9482-BF42876AB854} = {0AB3BF05-4346-4AA6-1389-037BE0695223}
		{44FDE0E6-7779-84AA-514B-9B22FE9E35B6} = {EC447DCF-ABFA-6E24-52A5-D7FD48A5C558}
		{A296C31A-C4A0-A7BB-A6DE-E4DE03D9C411} = {EC447DCF-ABFA-6E24-52A5-D7FD48A5C558}
		{FDED73B2-9FD3-4FE6-93CD-4BA25D85634D} = {0AB3BF05-4346-4AA6-1389-037BE0695223}
		{0EC62A1A-9858-3A60-8A0C-FC9AACFA2EC7} = {EC447DCF-ABFA-6E24-52A5-D7FD48A5C558}
		{BE86BD9E-5DB1-4466-9445-5AFD1C42D70E} = {827E0CD3-B72D-47B6-A68D-7590B98EB39B}
		{DA8A84BA-E38E-F7B6-070C-0B16164DCCDE} = {EC447DCF-ABFA-6E24-52A5-D7FD48A5C558}
		{CA8DB84C-0D5A-471D-82BD-A7181D94A807} = {827E0CD3-B72D-47B6-A68D-7590B98EB39B}
		{9B914E79-5351-4190-B054-DDBCE98AE06A} = {827E0CD3-B72D-47B6-A68D-7590B98EB39B}
		{72475B67-1650-4340-8E70-06128ACBC6CD} = {0AB3BF05-4346-4AA6-1389-037BE0695223}
		{38D164C2-DF78-4B9C-AC32-42C73063594D} = {827E0CD3-B72D-47B6-A68D-7590B98EB39B}
	EndGlobalSection
EndGlobal
